github.com/graka295/go-say-hello/v2 v2.0.0 h1:27hzIFVgyizXFAiw03IhxHguMiBfe4HaBi14r2x/cXo=
github.com/graka295/go-say-hello/v2 v2.0.0/go.mod h1:pbKS9HGbsThYSjtovMWW1CS72CesudlCT5IZLGmVL2Q=
github.com/graka295/go-say-hello/v2 v2.1.0 h1:JlkkfjK866z4FG8FSt55CDBNAu+9xp0YhfOPHvjFukA=
github.com/graka295/go-say-hello/v2 v2.1.0/go.mod h1:pbKS9HGbsThYSjtovMWW1CS72CesudlCT5IZLGmVL2Q=
